
Microsoft Visual Studio Solution File, Format Version 12.00
# Visual Studio Version 17
VisualStudioVersion = 17.9.34728.123
MinimumVisualStudioVersion = 10.0.40219.1
Project("{FAE04EC0-301F-11D3-BF4B-00C04F79EFBC}") = "Reports", "Reports\Reports.csproj", "{24DF6D62-9645-4494-A214-FD31A7F1C8A8}"
EndProject
Global
	GlobalSection(SolutionConfigurationPlatforms) = preSolution
		Debug|Any CPU = Debug|Any CPU
		Release|Any CPU = Release|Any CPU
	EndGlobalSection
	GlobalSection(ProjectConfigurationPlatforms) = postSolution
		{24DF6D62-9645-4494-A214-FD31A7F1C8A8}.Debug|Any CPU.ActiveCfg = Debug|Any CPU
		{24DF6D62-9645-4494-A214-FD31A7F1C8A8}.Debug|Any CPU.Build.0 = Debug|Any CPU
		{24DF6D62-9645-4494-A214-FD31A7F1C8A8}.Release|Any CPU.ActiveCfg = Release|Any CPU
		{24DF6D62-9645-4494-A214-FD31A7F1C8A8}.Release|Any CPU.Build.0 = Release|Any CPU
	EndGlobalSection
	GlobalSection(SolutionProperties) = preSolution
		HideSolutionNode = FALSE
	EndGlobalSection
	GlobalSection(ExtensibilityGlobals) = postSolution
		SolutionGuid = {42E39481-8065-4D7F-AF0C-508C930C4229}
	EndGlobalSection
EndGlobal
